
Microsoft Visual Studio Solution File, Format Version 12.00
# Visual Studio 2010
Project("{FAE04EC0-301F-11D3-BF4B-00C04F79EFBC}") = "VianaNET", "VianaNET\VianaNET.csproj", "{B78F89B8-61CF-4DBA-9E96-BBD210848855}"
EndProject
Project("{FAE04EC0-301F-11D3-BF4B-00C04F79EFBC}") = "WPFLocalizeExtension", "WPFLocalizeExtension\WPFLocalizeExtension.csproj", "{E8C5B094-2CB4-4C26-87F0-351B03612179}"
EndProject
Project("{54435603-DBB4-11D2-8724-00A0C9A8B90C}") = "VianaNETSetupx86", "VianaNETSetupx86\VianaNETSetupx86.vdproj", "{89739709-35B9-44DD-8E63-3FA15FCE7727}"
EndProject
Project("{FAE04EC0-301F-11D3-BF4B-00C04F79EFBC}") = "VianaNETShaderEffectLibrary", "VianaNETShaderEffectLibrary\VianaNETShaderEffectLibrary.csproj", "{6B7145E5-56DF-40DB-9AFB-0A14BAE1B36E}"
EndProject
Project("{54435603-DBB4-11D2-8724-00A0C9A8B90C}") = "VianaNETSetupx64", "VianaNETSetupx64\VianaNETSetupx64.vdproj", "{34816A2A-D717-4775-B78D-D30796F39FBF}"
EndProject
Global
	GlobalSection(SolutionConfigurationPlatforms) = preSolution
		CD_ROM|x64 = CD_ROM|x64
		CD_ROM|x86 = CD_ROM|x86
		Debug|x64 = Debug|x64
		Debug|x86 = Debug|x86
		DVD-5|x64 = DVD-5|x64
		DVD-5|x86 = DVD-5|x86
		Release|x64 = Release|x64
		Release|x86 = Release|x86
		SingleImage|x64 = SingleImage|x64
		SingleImage|x86 = SingleImage|x86
	EndGlobalSection
	GlobalSection(ProjectConfigurationPlatforms) = postSolution
		{B78F89B8-61CF-4DBA-9E96-BBD210848855}.CD_ROM|x64.ActiveCfg = Release|x64
		{B78F89B8-61CF-4DBA-9E96-BBD210848855}.CD_ROM|x64.Build.0 = Release|x64
		{B78F89B8-61CF-4DBA-9E96-BBD210848855}.CD_ROM|x86.ActiveCfg = Release|x86
		{B78F89B8-61CF-4DBA-9E96-BBD210848855}.CD_ROM|x86.Build.0 = Release|x86
		{B78F89B8-61CF-4DBA-9E96-BBD210848855}.Debug|x64.ActiveCfg = Debug|x64
		{B78F89B8-61CF-4DBA-9E96-BBD210848855}.Debug|x64.Build.0 = Debug|x64
		{B78F89B8-61CF-4DBA-9E96-BBD210848855}.Debug|x86.ActiveCfg = Debug|x86
		{B78F89B8-61CF-4DBA-9E96-BBD210848855}.Debug|x86.Build.0 = Debug|x86
		{B78F89B8-61CF-4DBA-9E96-BBD210848855}.DVD-5|x64.ActiveCfg = Debug|x64
		{B78F89B8-61CF-4DBA-9E96-BBD210848855}.DVD-5|x64.Build.0 = Debug|x64
		{B78F89B8-61CF-4DBA-9E96-BBD210848855}.DVD-5|x86.ActiveCfg = Debug|x86
		{B78F89B8-61CF-4DBA-9E96-BBD210848855}.DVD-5|x86.Build.0 = Debug|x86
		{B78F89B8-61CF-4DBA-9E96-BBD210848855}.Release|x64.ActiveCfg = Release|x64
		{B78F89B8-61CF-4DBA-9E96-BBD210848855}.Release|x64.Build.0 = Release|x64
		{B78F89B8-61CF-4DBA-9E96-BBD210848855}.Release|x86.ActiveCfg = Release|x86
		{B78F89B8-61CF-4DBA-9E96-BBD210848855}.Release|x86.Build.0 = Release|x86
		{B78F89B8-61CF-4DBA-9E96-BBD210848855}.SingleImage|x64.ActiveCfg = Release|x64
		{B78F89B8-61CF-4DBA-9E96-BBD210848855}.SingleImage|x64.Build.0 = Release|x64
		{B78F89B8-61CF-4DBA-9E96-BBD210848855}.SingleImage|x86.ActiveCfg = Release|x86
		{B78F89B8-61CF-4DBA-9E96-BBD210848855}.SingleImage|x86.Build.0 = Release|x86
		{E8C5B094-2CB4-4C26-87F0-351B03612179}.CD_ROM|x64.ActiveCfg = Release|x64
		{E8C5B094-2CB4-4C26-87F0-351B03612179}.CD_ROM|x64.Build.0 = Release|x64
		{E8C5B094-2CB4-4C26-87F0-351B03612179}.CD_ROM|x86.ActiveCfg = Release|x86
		{E8C5B094-2CB4-4C26-87F0-351B03612179}.CD_ROM|x86.Build.0 = Release|x86
		{E8C5B094-2CB4-4C26-87F0-351B03612179}.Debug|x64.ActiveCfg = Debug|x64
		{E8C5B094-2CB4-4C26-87F0-351B03612179}.Debug|x64.Build.0 = Debug|x64
		{E8C5B094-2CB4-4C26-87F0-351B03612179}.Debug|x86.ActiveCfg = Debug|x86
		{E8C5B094-2CB4-4C26-87F0-351B03612179}.Debug|x86.Build.0 = Debug|x86
		{E8C5B094-2CB4-4C26-87F0-351B03612179}.DVD-5|x64.ActiveCfg = Debug|x64
		{E8C5B094-2CB4-4C26-87F0-351B03612179}.DVD-5|x64.Build.0 = Debug|x64
		{E8C5B094-2CB4-4C26-87F0-351B03612179}.DVD-5|x86.ActiveCfg = Debug|x86
		{E8C5B094-2CB4-4C26-87F0-351B03612179}.DVD-5|x86.Build.0 = Debug|x86
		{E8C5B094-2CB4-4C26-87F0-351B03612179}.Release|x64.ActiveCfg = Release|x64
		{E8C5B094-2CB4-4C26-87F0-351B03612179}.Release|x64.Build.0 = Release|x64
		{E8C5B094-2CB4-4C26-87F0-351B03612179}.Release|x86.ActiveCfg = Release|x86
		{E8C5B094-2CB4-4C26-87F0-351B03612179}.Release|x86.Build.0 = Release|x86
		{E8C5B094-2CB4-4C26-87F0-351B03612179}.SingleImage|x64.ActiveCfg = Release|x64
		{E8C5B094-2CB4-4C26-87F0-351B03612179}.SingleImage|x64.Build.0 = Release|x64
		{E8C5B094-2CB4-4C26-87F0-351B03612179}.SingleImage|x86.ActiveCfg = Release|x86
		{E8C5B094-2CB4-4C26-87F0-351B03612179}.SingleImage|x86.Build.0 = Release|x86
		{89739709-35B9-44DD-8E63-3FA15FCE7727}.CD_ROM|x64.ActiveCfg = Release
		{89739709-35B9-44DD-8E63-3FA15FCE7727}.CD_ROM|x86.ActiveCfg = Release
		{89739709-35B9-44DD-8E63-3FA15FCE7727}.Debug|x64.ActiveCfg = Debug
		{89739709-35B9-44DD-8E63-3FA15FCE7727}.Debug|x86.ActiveCfg = Debug
		{89739709-35B9-44DD-8E63-3FA15FCE7727}.DVD-5|x64.ActiveCfg = Debug
		{89739709-35B9-44DD-8E63-3FA15FCE7727}.DVD-5|x86.ActiveCfg = Debug
		{89739709-35B9-44DD-8E63-3FA15FCE7727}.Release|x64.ActiveCfg = Release
		{89739709-35B9-44DD-8E63-3FA15FCE7727}.Release|x86.ActiveCfg = Release
		{89739709-35B9-44DD-8E63-3FA15FCE7727}.SingleImage|x64.ActiveCfg = Release
		{89739709-35B9-44DD-8E63-3FA15FCE7727}.SingleImage|x86.ActiveCfg = Release
		{6B7145E5-56DF-40DB-9AFB-0A14BAE1B36E}.CD_ROM|x64.ActiveCfg = Release|x64
		{6B7145E5-56DF-40DB-9AFB-0A14BAE1B36E}.CD_ROM|x64.Build.0 = Release|x64
		{6B7145E5-56DF-40DB-9AFB-0A14BAE1B36E}.CD_ROM|x86.ActiveCfg = Release|x86
		{6B7145E5-56DF-40DB-9AFB-0A14BAE1B36E}.CD_ROM|x86.Build.0 = Release|x86
		{6B7145E5-56DF-40DB-9AFB-0A14BAE1B36E}.Debug|x64.ActiveCfg = Debug|x64
		{6B7145E5-56DF-40DB-9AFB-0A14BAE1B36E}.Debug|x64.Build.0 = Debug|x64
		{6B7145E5-56DF-40DB-9AFB-0A14BAE1B36E}.Debug|x86.ActiveCfg = Debug|x86
		{6B7145E5-56DF-40DB-9AFB-0A14BAE1B36E}.Debug|x86.Build.0 = Debug|x86
		{6B7145E5-56DF-40DB-9AFB-0A14BAE1B36E}.DVD-5|x64.ActiveCfg = Debug|x64
		{6B7145E5-56DF-40DB-9AFB-0A14BAE1B36E}.DVD-5|x64.Build.0 = Debug|x64
		{6B7145E5-56DF-40DB-9AFB-0A14BAE1B36E}.DVD-5|x86.ActiveCfg = Debug|x86
		{6B7145E5-56DF-40DB-9AFB-0A14BAE1B36E}.DVD-5|x86.Build.0 = Debug|x86
		{6B7145E5-56DF-40DB-9AFB-0A14BAE1B36E}.Release|x64.ActiveCfg = Release|x64
		{6B7145E5-56DF-40DB-9AFB-0A14BAE1B36E}.Release|x64.Build.0 = Release|x64
		{6B7145E5-56DF-40DB-9AFB-0A14BAE1B36E}.Release|x86.ActiveCfg = Release|x86
		{6B7145E5-56DF-40DB-9AFB-0A14BAE1B36E}.Release|x86.Build.0 = Release|x86
		{6B7145E5-56DF-40DB-9AFB-0A14BAE1B36E}.SingleImage|x64.ActiveCfg = Release|x64
		{6B7145E5-56DF-40DB-9AFB-0A14BAE1B36E}.SingleImage|x64.Build.0 = Release|x64
		{6B7145E5-56DF-40DB-9AFB-0A14BAE1B36E}.SingleImage|x86.ActiveCfg = Release|x86
		{6B7145E5-56DF-40DB-9AFB-0A14BAE1B36E}.SingleImage|x86.Build.0 = Release|x86
		{34816A2A-D717-4775-B78D-D30796F39FBF}.CD_ROM|x64.ActiveCfg = Release
		{34816A2A-D717-4775-B78D-D30796F39FBF}.CD_ROM|x86.ActiveCfg = Release
		{34816A2A-D717-4775-B78D-D30796F39FBF}.Debug|x64.ActiveCfg = Debug
		{34816A2A-D717-4775-B78D-D30796F39FBF}.Debug|x86.ActiveCfg = Debug
		{34816A2A-D717-4775-B78D-D30796F39FBF}.DVD-5|x64.ActiveCfg = Debug
		{34816A2A-D717-4775-B78D-D30796F39FBF}.DVD-5|x86.ActiveCfg = Debug
		{34816A2A-D717-4775-B78D-D30796F39FBF}.Release|x64.ActiveCfg = Release
		{34816A2A-D717-4775-B78D-D30796F39FBF}.Release|x86.ActiveCfg = Release
		{34816A2A-D717-4775-B78D-D30796F39FBF}.SingleImage|x64.ActiveCfg = Release
		{34816A2A-D717-4775-B78D-D30796F39FBF}.SingleImage|x86.ActiveCfg = Release
	EndGlobalSection
	GlobalSection(SolutionProperties) = preSolution
		HideSolutionNode = FALSE
	EndGlobalSection
EndGlobal
