
Microsoft Visual Studio Solution File, Format Version 10.00
# Visual Studio 2008
Project("{FAE04EC0-301F-11D3-BF4B-00C04F79EFBC}") = "VianaNET", "VianaNET\VianaNET.csproj", "{B78F89B8-61CF-4DBA-9E96-BBD210848855}"
EndProject
Project("{FAE04EC0-301F-11D3-BF4B-00C04F79EFBC}") = "WPFLocalizeExtension", "WPFLocalizeExtension\WPFLocalizeExtension.csproj", "{E8C5B094-2CB4-4C26-87F0-351B03612179}"
EndProject
Project("{54435603-DBB4-11D2-8724-00A0C9A8B90C}") = "VianaNETSetup", "VianaNETSetup\VianaNETSetup.vdproj", "{89739709-35B9-44DD-8E63-3FA15FCE7727}"
EndProject
Project("{FAE04EC0-301F-11D3-BF4B-00C04F79EFBC}") = "WPFMediaKit", "WPFMediaKit\WPFMediaKit.csproj", "{6030628D-EE93-4D61-B6BE-8B6AE99F3935}"
EndProject
Global
	GlobalSection(SolutionConfigurationPlatforms) = preSolution
		Debug|Any CPU = Debug|Any CPU
		Release|Any CPU = Release|Any CPU
	EndGlobalSection
	GlobalSection(ProjectConfigurationPlatforms) = postSolution
		{B78F89B8-61CF-4DBA-9E96-BBD210848855}.Debug|Any CPU.ActiveCfg = Debug|Any CPU
		{B78F89B8-61CF-4DBA-9E96-BBD210848855}.Debug|Any CPU.Build.0 = Debug|Any CPU
		{B78F89B8-61CF-4DBA-9E96-BBD210848855}.Release|Any CPU.ActiveCfg = Release|Any CPU
		{B78F89B8-61CF-4DBA-9E96-BBD210848855}.Release|Any CPU.Build.0 = Release|Any CPU
		{E8C5B094-2CB4-4C26-87F0-351B03612179}.Debug|Any CPU.ActiveCfg = Debug|Any CPU
		{E8C5B094-2CB4-4C26-87F0-351B03612179}.Debug|Any CPU.Build.0 = Debug|Any CPU
		{E8C5B094-2CB4-4C26-87F0-351B03612179}.Release|Any CPU.ActiveCfg = Release|Any CPU
		{E8C5B094-2CB4-4C26-87F0-351B03612179}.Release|Any CPU.Build.0 = Release|Any CPU
		{89739709-35B9-44DD-8E63-3FA15FCE7727}.Debug|Any CPU.ActiveCfg = Debug
		{89739709-35B9-44DD-8E63-3FA15FCE7727}.Release|Any CPU.ActiveCfg = Release
		{6030628D-EE93-4D61-B6BE-8B6AE99F3935}.Debug|Any CPU.ActiveCfg = Debug|Any CPU
		{6030628D-EE93-4D61-B6BE-8B6AE99F3935}.Debug|Any CPU.Build.0 = Debug|Any CPU
		{6030628D-EE93-4D61-B6BE-8B6AE99F3935}.Release|Any CPU.ActiveCfg = Release|Any CPU
		{6030628D-EE93-4D61-B6BE-8B6AE99F3935}.Release|Any CPU.Build.0 = Release|Any CPU
	EndGlobalSection
	GlobalSection(SolutionProperties) = preSolution
		HideSolutionNode = FALSE
	EndGlobalSection
	GlobalSection(TeamFoundationVersionControl) = preSolution
		SccNumberOfProjects = 4
		SccEnterpriseProvider = {4CA58AB2-18FA-4F8D-95D4-32DDF27D184C}
		SccTeamFoundationServer = https://tfs02.codeplex.com/
		SccLocalPath0 = .
		SccProjectUniqueName1 = Assergs.Windows\\Assergs.Windows.csproj
		SccProjectName1 = Assergs.Windows
		SccLocalPath1 = Assergs.Windows
		SccProjectUniqueName2 = Test\\AppTest.csproj
		SccProjectName2 = Test
		SccLocalPath2 = Test
		SccProjectUniqueName3 = Tests\\Tests.csproj
		SccProjectName3 = Tests
		SccLocalPath3 = Tests
	EndGlobalSection
EndGlobal
